
Microsoft Visual Studio Solution File, Format Version 12.00
# Visual Studio Version 17
VisualStudioVersion = 17.10.35013.160
MinimumVisualStudioVersion = 10.0.40219.1
Project("{8BC9CEB8-8B4A-11D0-8D11-00A0C91BC942}") = "Function recursion.CPP", "Function recursion.CPP\Function recursion.CPP.vcxproj", "{4BC430C4-A631-4DD4-9FB6-5C13AB6F6B02}"
EndProject
Global
	GlobalSection(SolutionConfigurationPlatforms) = preSolution
		Debug|x64 = Debug|x64
		Debug|x86 = Debug|x86
		Release|x64 = Release|x64
		Release|x86 = Release|x86
	EndGlobalSection
	GlobalSection(ProjectConfigurationPlatforms) = postSolution
		{4BC430C4-A631-4DD4-9FB6-5C13AB6F6B02}.Debug|x64.ActiveCfg = Debug|x64
		{4BC430C4-A631-4DD4-9FB6-5C13AB6F6B02}.Debug|x64.Build.0 = Debug|x64
		{4BC430C4-A631-4DD4-9FB6-5C13AB6F6B02}.Debug|x86.ActiveCfg = Debug|Win32
		{4BC430C4-A631-4DD4-9FB6-5C13AB6F6B02}.Debug|x86.Build.0 = Debug|Win32
		{4BC430C4-A631-4DD4-9FB6-5C13AB6F6B02}.Release|x64.ActiveCfg = Release|x64
		{4BC430C4-A631-4DD4-9FB6-5C13AB6F6B02}.Release|x64.Build.0 = Release|x64
		{4BC430C4-A631-4DD4-9FB6-5C13AB6F6B02}.Release|x86.ActiveCfg = Release|Win32
		{4BC430C4-A631-4DD4-9FB6-5C13AB6F6B02}.Release|x86.Build.0 = Release|Win32
	EndGlobalSection
	GlobalSection(SolutionProperties) = preSolution
		HideSolutionNode = FALSE
	EndGlobalSection
	GlobalSection(ExtensibilityGlobals) = postSolution
		SolutionGuid = {71F751C4-D8E9-404D-A8CE-1DAD92F4410F}
	EndGlobalSection
EndGlobal
